
Microsoft Visual Studio Solution File, Format Version 11.00
# Visual C++ Express 2010
Project("{8BC9CEB8-8B4A-11D0-8D11-00A0C91BC942}") = "UpstreamReader", "UpstreamReader.vcxproj", "{90FA96E9-BB78-4902-BDA1-5A874D423F64}"
EndProject
Global
	GlobalSection(SolutionConfigurationPlatforms) = preSolution
		Debug|Win32 = Debug|Win32
		Release|Win32 = Release|Win32
	EndGlobalSection
	GlobalSection(ProjectConfigurationPlatforms) = postSolution
		{90FA96E9-BB78-4902-BDA1-5A874D423F64}.Debug|Win32.ActiveCfg = Debug|Win32
		{90FA96E9-BB78-4902-BDA1-5A874D423F64}.Debug|Win32.Build.0 = Debug|Win32
		{90FA96E9-BB78-4902-BDA1-5A874D423F64}.Release|Win32.ActiveCfg = Release|Win32
		{90FA96E9-BB78-4902-BDA1-5A874D423F64}.Release|Win32.Build.0 = Release|Win32
	EndGlobalSection
	GlobalSection(SolutionProperties) = preSolution
		HideSolutionNode = FALSE
	EndGlobalSection
EndGlobal
